
Microsoft Visual Studio Solution File, Format Version 12.00
# Visual Studio Version 16
VisualStudioVersion = 16.0.30611.23
MinimumVisualStudioVersion = 10.0.40219.1
Project("{888888A0-9F3D-457C-B088-3A5042F75D52}") = "test folder python", "test folder python.pyproj", "{8C9C7941-E302-49F9-B740-F6EFD5B07819}"
EndProject
Global
	GlobalSection(SolutionConfigurationPlatforms) = preSolution
		Debug|Any CPU = Debug|Any CPU
		Release|Any CPU = Release|Any CPU
	EndGlobalSection
	GlobalSection(ProjectConfigurationPlatforms) = postSolution
		{8C9C7941-E302-49F9-B740-F6EFD5B07819}.Debug|Any CPU.ActiveCfg = Debug|Any CPU
		{8C9C7941-E302-49F9-B740-F6EFD5B07819}.Release|Any CPU.ActiveCfg = Release|Any CPU
	EndGlobalSection
	GlobalSection(SolutionProperties) = preSolution
		HideSolutionNode = FALSE
	EndGlobalSection
	GlobalSection(ExtensibilityGlobals) = postSolution
		SolutionGuid = {6B5A3A18-2216-4510-B865-5B4B8E4E2642}
	EndGlobalSection
EndGlobal
